
Microsoft Visual Studio Solution File, Format Version 12.00
# Visual Studio Version 16
VisualStudioVersion = 16.0.30309.148
MinimumVisualStudioVersion = 10.0.40219.1
Project("{FAE04EC0-301F-11D3-BF4B-00C04F79EFBC}") = "MyWorkerService", "MyWorkerService\MyWorkerService.csproj", "{387E2839-2A0B-4213-91FD-EB64C4CC3A80}"
EndProject
Global
	GlobalSection(SolutionConfigurationPlatforms) = preSolution
		Debug|Any CPU = Debug|Any CPU
		Release|Any CPU = Release|Any CPU
	EndGlobalSection
	GlobalSection(ProjectConfigurationPlatforms) = postSolution
		{387E2839-2A0B-4213-91FD-EB64C4CC3A80}.Debug|Any CPU.ActiveCfg = Debug|Any CPU
		{387E2839-2A0B-4213-91FD-EB64C4CC3A80}.Debug|Any CPU.Build.0 = Debug|Any CPU
		{387E2839-2A0B-4213-91FD-EB64C4CC3A80}.Release|Any CPU.ActiveCfg = Release|Any CPU
		{387E2839-2A0B-4213-91FD-EB64C4CC3A80}.Release|Any CPU.Build.0 = Release|Any CPU
	EndGlobalSection
	GlobalSection(SolutionProperties) = preSolution
		HideSolutionNode = FALSE
	EndGlobalSection
	GlobalSection(ExtensibilityGlobals) = postSolution
		SolutionGuid = {466C0BB0-4F1B-45CE-B443-9AB753477F56}
	EndGlobalSection
EndGlobal
