
Microsoft Visual Studio Solution File, Format Version 12.00
# Visual Studio Version 16
VisualStudioVersion = 16.0.30310.162
MinimumVisualStudioVersion = 10.0.40219.1
Project("{FAE04EC0-301F-11D3-BF4B-00C04F79EFBC}") = "MyWebAppWithDocker", "MyWebAppWithDocker\MyWebAppWithDocker.csproj", "{65EE4313-3840-4768-9F14-D2BB60F7FF8C}"
EndProject
Global
	GlobalSection(SolutionConfigurationPlatforms) = preSolution
		Debug|Any CPU = Debug|Any CPU
		Release|Any CPU = Release|Any CPU
	EndGlobalSection
	GlobalSection(ProjectConfigurationPlatforms) = postSolution
		{65EE4313-3840-4768-9F14-D2BB60F7FF8C}.Debug|Any CPU.ActiveCfg = Debug|Any CPU
		{65EE4313-3840-4768-9F14-D2BB60F7FF8C}.Debug|Any CPU.Build.0 = Debug|Any CPU
		{65EE4313-3840-4768-9F14-D2BB60F7FF8C}.Release|Any CPU.ActiveCfg = Release|Any CPU
		{65EE4313-3840-4768-9F14-D2BB60F7FF8C}.Release|Any CPU.Build.0 = Release|Any CPU
	EndGlobalSection
	GlobalSection(SolutionProperties) = preSolution
		HideSolutionNode = FALSE
	EndGlobalSection
	GlobalSection(ExtensibilityGlobals) = postSolution
		SolutionGuid = {BA7ED252-C7FF-4C20-8C96-25FEABF16F4E}
	EndGlobalSection
EndGlobal
