
Microsoft Visual Studio Solution File, Format Version 12.00
# Visual Studio Version 16
VisualStudioVersion = 16.0.30223.230
MinimumVisualStudioVersion = 10.0.40219.1
Project("{9A19103F-16F7-4668-BE54-9A1E7A4F7556}") = "webappwithdotnetcore31", "webappwithdotnetcore31.csproj", "{6FD551B3-74A2-4523-B07A-FA53EEA00F10}"
EndProject
Global
	GlobalSection(SolutionConfigurationPlatforms) = preSolution
		Debug|Any CPU = Debug|Any CPU
		Release|Any CPU = Release|Any CPU
	EndGlobalSection
	GlobalSection(ProjectConfigurationPlatforms) = postSolution
		{6FD551B3-74A2-4523-B07A-FA53EEA00F10}.Debug|Any CPU.ActiveCfg = Debug|Any CPU
		{6FD551B3-74A2-4523-B07A-FA53EEA00F10}.Debug|Any CPU.Build.0 = Debug|Any CPU
		{6FD551B3-74A2-4523-B07A-FA53EEA00F10}.Release|Any CPU.ActiveCfg = Release|Any CPU
		{6FD551B3-74A2-4523-B07A-FA53EEA00F10}.Release|Any CPU.Build.0 = Release|Any CPU
	EndGlobalSection
	GlobalSection(SolutionProperties) = preSolution
		HideSolutionNode = FALSE
	EndGlobalSection
	GlobalSection(ExtensibilityGlobals) = postSolution
		SolutionGuid = {F2C8DA43-7E37-4B8F-893F-C3738FB26EC5}
	EndGlobalSection
EndGlobal
